
Microsoft Visual Studio Solution File, Format Version 12.00
# Visual Studio Version 16
VisualStudioVersion = 16.0.32413.511
MinimumVisualStudioVersion = 10.0.40219.1
Project("{FAE04EC0-301F-11D3-BF4B-00C04F79EFBC}") = "TPBANQUE", "TPBANQUE\TPBANQUE.csproj", "{702E0438-7DE1-4038-BD82-6FCF3257FA68}"
EndProject
Project("{2150E333-8FDC-42A3-9474-1A3956D46DE8}") = "DTO", "DTO", "{B72D2E0A-E241-4AB6-912D-64342D0A8B53}"
EndProject
Project("{2150E333-8FDC-42A3-9474-1A3956D46DE8}") = "Presentation", "Presentation", "{6AA0406F-BB5B-4280-A908-095966ADFC6B}"
EndProject
Project("{2150E333-8FDC-42A3-9474-1A3956D46DE8}") = "SAL", "SAL", "{7FED93FB-3260-4017-91FA-8ECF35D898CD}"
EndProject
Project("{FAE04EC0-301F-11D3-BF4B-00C04F79EFBC}") = "Models", "Models\Models.csproj", "{5A7A0210-FBF5-4B9D-BDDF-A36FF9A3EE7F}"
EndProject
Project("{FAE04EC0-301F-11D3-BF4B-00C04F79EFBC}") = "ORM", "ORM\ORM.csproj", "{FE191AB5-6165-4914-8F21-7C2DA315E456}"
EndProject
Global
	GlobalSection(SolutionConfigurationPlatforms) = preSolution
		Debug|Any CPU = Debug|Any CPU
		Release|Any CPU = Release|Any CPU
	EndGlobalSection
	GlobalSection(ProjectConfigurationPlatforms) = postSolution
		{702E0438-7DE1-4038-BD82-6FCF3257FA68}.Debug|Any CPU.ActiveCfg = Debug|Any CPU
		{702E0438-7DE1-4038-BD82-6FCF3257FA68}.Debug|Any CPU.Build.0 = Debug|Any CPU
		{702E0438-7DE1-4038-BD82-6FCF3257FA68}.Release|Any CPU.ActiveCfg = Release|Any CPU
		{702E0438-7DE1-4038-BD82-6FCF3257FA68}.Release|Any CPU.Build.0 = Release|Any CPU
		{5A7A0210-FBF5-4B9D-BDDF-A36FF9A3EE7F}.Debug|Any CPU.ActiveCfg = Debug|Any CPU
		{5A7A0210-FBF5-4B9D-BDDF-A36FF9A3EE7F}.Debug|Any CPU.Build.0 = Debug|Any CPU
		{5A7A0210-FBF5-4B9D-BDDF-A36FF9A3EE7F}.Release|Any CPU.ActiveCfg = Release|Any CPU
		{5A7A0210-FBF5-4B9D-BDDF-A36FF9A3EE7F}.Release|Any CPU.Build.0 = Release|Any CPU
		{FE191AB5-6165-4914-8F21-7C2DA315E456}.Debug|Any CPU.ActiveCfg = Debug|Any CPU
		{FE191AB5-6165-4914-8F21-7C2DA315E456}.Debug|Any CPU.Build.0 = Debug|Any CPU
		{FE191AB5-6165-4914-8F21-7C2DA315E456}.Release|Any CPU.ActiveCfg = Release|Any CPU
		{FE191AB5-6165-4914-8F21-7C2DA315E456}.Release|Any CPU.Build.0 = Release|Any CPU
	EndGlobalSection
	GlobalSection(SolutionProperties) = preSolution
		HideSolutionNode = FALSE
	EndGlobalSection
	GlobalSection(NestedProjects) = preSolution
		{702E0438-7DE1-4038-BD82-6FCF3257FA68} = {6AA0406F-BB5B-4280-A908-095966ADFC6B}
		{5A7A0210-FBF5-4B9D-BDDF-A36FF9A3EE7F} = {B72D2E0A-E241-4AB6-912D-64342D0A8B53}
		{FE191AB5-6165-4914-8F21-7C2DA315E456} = {7FED93FB-3260-4017-91FA-8ECF35D898CD}
	EndGlobalSection
	GlobalSection(ExtensibilityGlobals) = postSolution
		SolutionGuid = {B189A69A-7DFD-46B9-85AC-CEBE36BC4AC6}
	EndGlobalSection
EndGlobal
